
Microsoft Visual Studio Solution File, Format Version 12.00
# Visual Studio Version 16
VisualStudioVersion = 16.0.30225.117
MinimumVisualStudioVersion = 10.0.40219.1
Project("{FAE04EC0-301F-11D3-BF4B-00C04F79EFBC}") = "Presentacion", "Programacion2\Presentacion.csproj", "{BB77F267-C8BD-478F-A7AD-36003352460C}"
EndProject
Project("{9A19103F-16F7-4668-BE54-9A1E7A4F7556}") = "Entitades", "Entitades\Entitades.csproj", "{1AAAD304-FEEF-43E9-ACD5-FDDD5C8C058A}"
EndProject
Project("{FAE04EC0-301F-11D3-BF4B-00C04F79EFBC}") = "Datos", "Datos\Datos.csproj", "{5A1CE11F-E121-44B8-B407-4D66DBD2E997}"
EndProject
Project("{FAE04EC0-301F-11D3-BF4B-00C04F79EFBC}") = "Negocios", "Negocios\Negocios.csproj", "{A16DCA39-56C7-419F-9776-0D7040A6F8A9}"
EndProject
Global
	GlobalSection(SolutionConfigurationPlatforms) = preSolution
		Debug|Any CPU = Debug|Any CPU
		Release|Any CPU = Release|Any CPU
	EndGlobalSection
	GlobalSection(ProjectConfigurationPlatforms) = postSolution
		{BB77F267-C8BD-478F-A7AD-36003352460C}.Debug|Any CPU.ActiveCfg = Debug|Any CPU
		{BB77F267-C8BD-478F-A7AD-36003352460C}.Debug|Any CPU.Build.0 = Debug|Any CPU
		{BB77F267-C8BD-478F-A7AD-36003352460C}.Release|Any CPU.ActiveCfg = Release|Any CPU
		{BB77F267-C8BD-478F-A7AD-36003352460C}.Release|Any CPU.Build.0 = Release|Any CPU
		{1AAAD304-FEEF-43E9-ACD5-FDDD5C8C058A}.Debug|Any CPU.ActiveCfg = Debug|Any CPU
		{1AAAD304-FEEF-43E9-ACD5-FDDD5C8C058A}.Debug|Any CPU.Build.0 = Debug|Any CPU
		{1AAAD304-FEEF-43E9-ACD5-FDDD5C8C058A}.Release|Any CPU.ActiveCfg = Release|Any CPU
		{1AAAD304-FEEF-43E9-ACD5-FDDD5C8C058A}.Release|Any CPU.Build.0 = Release|Any CPU
		{5A1CE11F-E121-44B8-B407-4D66DBD2E997}.Debug|Any CPU.ActiveCfg = Debug|Any CPU
		{5A1CE11F-E121-44B8-B407-4D66DBD2E997}.Debug|Any CPU.Build.0 = Debug|Any CPU
		{5A1CE11F-E121-44B8-B407-4D66DBD2E997}.Release|Any CPU.ActiveCfg = Release|Any CPU
		{5A1CE11F-E121-44B8-B407-4D66DBD2E997}.Release|Any CPU.Build.0 = Release|Any CPU
		{A16DCA39-56C7-419F-9776-0D7040A6F8A9}.Debug|Any CPU.ActiveCfg = Debug|Any CPU
		{A16DCA39-56C7-419F-9776-0D7040A6F8A9}.Debug|Any CPU.Build.0 = Debug|Any CPU
		{A16DCA39-56C7-419F-9776-0D7040A6F8A9}.Release|Any CPU.ActiveCfg = Release|Any CPU
		{A16DCA39-56C7-419F-9776-0D7040A6F8A9}.Release|Any CPU.Build.0 = Release|Any CPU
	EndGlobalSection
	GlobalSection(SolutionProperties) = preSolution
		HideSolutionNode = FALSE
	EndGlobalSection
	GlobalSection(ExtensibilityGlobals) = postSolution
		SolutionGuid = {8C472F16-8D9A-405D-B816-83E38D660DA5}
	EndGlobalSection
EndGlobal
